
Microsoft Visual Studio Solution File, Format Version 12.00
# Visual Studio 15
VisualStudioVersion = 15.0.26730.16
MinimumVisualStudioVersion = 10.0.40219.1
Project("{FAE04EC0-301F-11D3-BF4B-00C04F79EFBC}") = "SalesAPI_POC", "SalesAPI_POC\SalesAPI_POC.csproj", "{3F40F3BA-53EB-4EF3-B91A-C136E71A672F}"
EndProject
Global
	GlobalSection(SolutionConfigurationPlatforms) = preSolution
		Debug|Any CPU = Debug|Any CPU
		Release|Any CPU = Release|Any CPU
	EndGlobalSection
	GlobalSection(ProjectConfigurationPlatforms) = postSolution
		{3F40F3BA-53EB-4EF3-B91A-C136E71A672F}.Debug|Any CPU.ActiveCfg = Debug|Any CPU
		{3F40F3BA-53EB-4EF3-B91A-C136E71A672F}.Debug|Any CPU.Build.0 = Debug|Any CPU
		{3F40F3BA-53EB-4EF3-B91A-C136E71A672F}.Release|Any CPU.ActiveCfg = Release|Any CPU
		{3F40F3BA-53EB-4EF3-B91A-C136E71A672F}.Release|Any CPU.Build.0 = Release|Any CPU
	EndGlobalSection
	GlobalSection(SolutionProperties) = preSolution
		HideSolutionNode = FALSE
	EndGlobalSection
	GlobalSection(ExtensibilityGlobals) = postSolution
		SolutionGuid = {5F466DE5-3365-4BDC-BF88-9928D9CE8E5E}
	EndGlobalSection
EndGlobal
